<?xml version="1.0" encoding="utf-8"?>
<Project ToolsVersion="4.0" xmlns="http://schemas.microsoft.com/developer/msbuild/2003">
  <ItemGroup>
    <ClCompile Include="ClientSocket.cpp">
      <Filter>源文件</Filter>
    </ClCompile>
    <ClCompile Include="main.cpp">
      <Filter>源文件</Filter>
    </ClCompile>
    <ClCompile Include="ServerSocket.cpp">
      <Filter>源文件</Filter>
    </ClCompile>
    <ClCompile Include="Simplekvsvr.cpp">
      <Filter>源文件</Filter>
    </ClCompile>
    <ClCompile Include="ThreadPool.cpp">
      <Filter>源文件</Filter>
    </ClCompile>
    <ClCompile Include="Thread.cpp">
      <Filter>源文件</Filter>
    </ClCompile>
    <ClCompile Include="WorkQueue.cpp">
      <Filter>源文件</Filter>
    </ClCompile>
    <ClCompile Include="WorkThreadPool.cpp">
      <Filter>源文件</Filter>
    </ClCompile>
    <ClCompile Include="EventLoop.cpp">
      <Filter>TcpNetwork\Source File</Filter>
    </ClCompile>
    <ClCompile Include="TcpConnection.cpp">
      <Filter>TcpNetwork\Source File</Filter>
    </ClCompile>
    <ClCompile Include="Timestamp.cpp">
      <Filter>TcpNetwork\Util</Filter>
    </ClCompile>
    <ClCompile Include="InetAddress.cpp">
      <Filter>TcpNetwork\Util</Filter>
    </ClCompile>
    <ClCompile Include="AbstractInetAddress.cpp">
      <Filter>TcpNetwork\Util</Filter>
    </ClCompile>
    <ClCompile Include="Channel.cpp">
      <Filter>TcpNetwork\Source File</Filter>
    </ClCompile>
    <ClCompile Include="Epoll.cpp">
      <Filter>TcpNetwork\Epoll</Filter>
    </ClCompile>
  </ItemGroup>
  <ItemGroup>
    <ClInclude Include="ClientSocket.h">
      <Filter>头文件</Filter>
    </ClInclude>
    <ClInclude Include="ServerSocket.h">
      <Filter>头文件</Filter>
    </ClInclude>
    <ClInclude Include="Simplekvsvr.h">
      <Filter>头文件</Filter>
    </ClInclude>
    <ClInclude Include="Thread.h">
      <Filter>头文件</Filter>
    </ClInclude>
    <ClInclude Include="ThreadPool.h">
      <Filter>头文件</Filter>
    </ClInclude>
    <ClInclude Include="unistd.h">
      <Filter>头文件</Filter>
    </ClInclude>
    <ClInclude Include="WorkQueue.h">
      <Filter>头文件</Filter>
    </ClInclude>
    <ClInclude Include="WorkThreadPool.h">
      <Filter>头文件</Filter>
    </ClInclude>
    <ClInclude Include="EventLoop.h">
      <Filter>TcpNetwork\Head File</Filter>
    </ClInclude>
    <ClInclude Include="TcpConnection.h">
      <Filter>TcpNetwork\Head File</Filter>
    </ClInclude>
    <ClInclude Include="Timestamp.h">
      <Filter>TcpNetwork\Util</Filter>
    </ClInclude>
    <ClInclude Include="InetAddress.h">
      <Filter>TcpNetwork\Util</Filter>
    </ClInclude>
    <ClInclude Include="AbstractInetAddress.h">
      <Filter>TcpNetwork\Util</Filter>
    </ClInclude>
    <ClInclude Include="Channel.h">
      <Filter>TcpNetwork\Head File</Filter>
    </ClInclude>
    <ClInclude Include="Epoll.h">
      <Filter>TcpNetwork\Epoll</Filter>
    </ClInclude>
  </ItemGroup>
  <ItemGroup>
    <Filter Include="头文件">
      <UniqueIdentifier>{7754128f-dda6-4406-b192-ef50ec5667d6}</UniqueIdentifier>
    </Filter>
    <Filter Include="源文件">
      <UniqueIdentifier>{d3411f93-a28f-447c-8883-e938730210f3}</UniqueIdentifier>
    </Filter>
    <Filter Include="资源文件">
      <UniqueIdentifier>{d3d1d542-f2ec-45a9-9df4-11f55d517ac0}</UniqueIdentifier>
    </Filter>
    <Filter Include="TcpNetwork">
      <UniqueIdentifier>{b37b6bfc-4034-48b7-badb-669b06d249b2}</UniqueIdentifier>
    </Filter>
    <Filter Include="TcpNetwork\Head File">
      <UniqueIdentifier>{d68f6de7-7d71-4c6d-bfbb-49dfeb681574}</UniqueIdentifier>
    </Filter>
    <Filter Include="TcpNetwork\Source File">
      <UniqueIdentifier>{553e6429-a6ce-4861-811b-51b16d4dbd1c}</UniqueIdentifier>
    </Filter>
    <Filter Include="TcpNetwork\Util">
      <UniqueIdentifier>{44f18275-1298-4a2d-8cef-438e4a5ff840}</UniqueIdentifier>
    </Filter>
    <Filter Include="TcpNetwork\Epoll">
      <UniqueIdentifier>{94dfb2f1-e13f-436e-9d96-cba3e9012d44}</UniqueIdentifier>
    </Filter>
  </ItemGroup>
</Project>