<?xml version="1.0" encoding="utf-8"?>
<Project ToolsVersion="4.0" xmlns="http://schemas.microsoft.com/developer/msbuild/2003">
  <ItemGroup>
    <ClCompile Include="main.cpp">
      <Filter>源文件</Filter>
    </ClCompile>
    <ClCompile Include="Timestamp.cpp">
      <Filter>TcpNetwork\Util</Filter>
    </ClCompile>
    <ClCompile Include="InetAddress.cpp">
      <Filter>TcpNetwork\Util</Filter>
    </ClCompile>
    <ClCompile Include="AbstractInetAddress.cpp">
      <Filter>TcpNetwork\Util</Filter>
    </ClCompile>
    <ClCompile Include="Epoll.cpp">
      <Filter>TcpNetwork\Epoll</Filter>
    </ClCompile>
    <ClCompile Include="SharedMemory.cpp">
      <Filter>CircularQueue</Filter>
    </ClCompile>
    <ClCompile Include="CircularTaskQueue.cpp">
      <Filter>CircularQueue</Filter>
    </ClCompile>
    <ClCompile Include="MutexAndCondDemo.cpp">
      <Filter>CircularQueue</Filter>
    </ClCompile>
    <ClCompile Include="LockFreeCircularTaskQueue.cpp">
      <Filter>CircularQueue</Filter>
    </ClCompile>
    <ClCompile Include="CReactor.cpp">
      <Filter>TcpNetwork\Reactor</Filter>
    </ClCompile>
    <ClCompile Include="Channel.cpp">
      <Filter>TcpNetwork\TcpNetwork</Filter>
    </ClCompile>
    <ClCompile Include="EventLoop.cpp">
      <Filter>TcpNetwork\TcpNetwork</Filter>
    </ClCompile>
    <ClCompile Include="TcpConnection.cpp">
      <Filter>TcpNetwork\TcpNetwork</Filter>
    </ClCompile>
    <ClCompile Include="TcpServer.cpp">
      <Filter>TcpNetwork\TcpNetwork</Filter>
    </ClCompile>
    <ClCompile Include="Simplekvsvr.cpp">
      <Filter>Simplekvsvr</Filter>
    </ClCompile>
    <ClCompile Include="Thread.cpp">
      <Filter>Thread</Filter>
    </ClCompile>
    <ClCompile Include="ThreadPool.cpp">
      <Filter>Thread</Filter>
    </ClCompile>
    <ClCompile Include="WorkQueue.cpp">
      <Filter>Thread</Filter>
    </ClCompile>
    <ClCompile Include="WorkThreadPool.cpp">
      <Filter>Thread</Filter>
    </ClCompile>
    <ClCompile Include="ClientSocket.cpp">
      <Filter>Socket</Filter>
    </ClCompile>
    <ClCompile Include="ServerSocket.cpp">
      <Filter>Socket</Filter>
    </ClCompile>
    <ClCompile Include="KvSvr.cpp">
      <Filter>KvSvr</Filter>
    </ClCompile>
    <ClCompile Include="KvCache.cpp">
      <Filter>KvSvr</Filter>
    </ClCompile>
    <ClCompile Include="KvTaskQueue.cpp">
      <Filter>KvSvr</Filter>
    </ClCompile>
  </ItemGroup>
  <ItemGroup>
    <ClInclude Include="unistd.h">
      <Filter>头文件</Filter>
    </ClInclude>
    <ClInclude Include="Timestamp.h">
      <Filter>TcpNetwork\Util</Filter>
    </ClInclude>
    <ClInclude Include="InetAddress.h">
      <Filter>TcpNetwork\Util</Filter>
    </ClInclude>
    <ClInclude Include="AbstractInetAddress.h">
      <Filter>TcpNetwork\Util</Filter>
    </ClInclude>
    <ClInclude Include="Epoll.h">
      <Filter>TcpNetwork\Epoll</Filter>
    </ClInclude>
    <ClInclude Include="SharedMemory.h">
      <Filter>CircularQueue</Filter>
    </ClInclude>
    <ClInclude Include="CircularTaskQueue.h">
      <Filter>CircularQueue</Filter>
    </ClInclude>
    <ClInclude Include="LockFreeCircularTaskQueue.h">
      <Filter>CircularQueue</Filter>
    </ClInclude>
    <ClInclude Include="CReactor.h">
      <Filter>TcpNetwork\Reactor</Filter>
    </ClInclude>
    <ClInclude Include="Channel.h">
      <Filter>TcpNetwork\TcpNetwork</Filter>
    </ClInclude>
    <ClInclude Include="EventLoop.h">
      <Filter>TcpNetwork\TcpNetwork</Filter>
    </ClInclude>
    <ClInclude Include="TcpConnection.h">
      <Filter>TcpNetwork\TcpNetwork</Filter>
    </ClInclude>
    <ClInclude Include="TcpServer.h">
      <Filter>TcpNetwork\TcpNetwork</Filter>
    </ClInclude>
    <ClInclude Include="Simplekvsvr.h">
      <Filter>Simplekvsvr</Filter>
    </ClInclude>
    <ClInclude Include="Thread.h">
      <Filter>Thread</Filter>
    </ClInclude>
    <ClInclude Include="ThreadPool.h">
      <Filter>Thread</Filter>
    </ClInclude>
    <ClInclude Include="WorkQueue.h">
      <Filter>Thread</Filter>
    </ClInclude>
    <ClInclude Include="WorkThreadPool.h">
      <Filter>Thread</Filter>
    </ClInclude>
    <ClInclude Include="ClientSocket.h">
      <Filter>Socket</Filter>
    </ClInclude>
    <ClInclude Include="ServerSocket.h">
      <Filter>Socket</Filter>
    </ClInclude>
    <ClInclude Include="KvSvr.h">
      <Filter>KvSvr</Filter>
    </ClInclude>
    <ClInclude Include="KvCache.h">
      <Filter>KvSvr</Filter>
    </ClInclude>
    <ClInclude Include="KvTaskQueue.h">
      <Filter>KvSvr</Filter>
    </ClInclude>
  </ItemGroup>
  <ItemGroup>
    <Filter Include="头文件">
      <UniqueIdentifier>{7754128f-dda6-4406-b192-ef50ec5667d6}</UniqueIdentifier>
    </Filter>
    <Filter Include="源文件">
      <UniqueIdentifier>{d3411f93-a28f-447c-8883-e938730210f3}</UniqueIdentifier>
    </Filter>
    <Filter Include="资源文件">
      <UniqueIdentifier>{d3d1d542-f2ec-45a9-9df4-11f55d517ac0}</UniqueIdentifier>
    </Filter>
    <Filter Include="TcpNetwork">
      <UniqueIdentifier>{b37b6bfc-4034-48b7-badb-669b06d249b2}</UniqueIdentifier>
    </Filter>
    <Filter Include="TcpNetwork\Util">
      <UniqueIdentifier>{44f18275-1298-4a2d-8cef-438e4a5ff840}</UniqueIdentifier>
    </Filter>
    <Filter Include="TcpNetwork\Epoll">
      <UniqueIdentifier>{94dfb2f1-e13f-436e-9d96-cba3e9012d44}</UniqueIdentifier>
    </Filter>
    <Filter Include="CircularQueue">
      <UniqueIdentifier>{71b63f6b-4b3c-4b5f-899c-bd280707f55e}</UniqueIdentifier>
    </Filter>
    <Filter Include="TcpNetwork\Reactor">
      <UniqueIdentifier>{d42ce07f-d716-44ae-ab90-c648df4e306b}</UniqueIdentifier>
    </Filter>
    <Filter Include="TcpNetwork\TcpNetwork">
      <UniqueIdentifier>{b2c2be90-7747-4558-b8e2-8887b5785f9e}</UniqueIdentifier>
    </Filter>
    <Filter Include="Simplekvsvr">
      <UniqueIdentifier>{8d1aab37-0c02-406c-9d6c-3534e1ed1a9b}</UniqueIdentifier>
    </Filter>
    <Filter Include="Thread">
      <UniqueIdentifier>{7ac6a2b5-a3a2-4f4f-9446-10bc9984f6b9}</UniqueIdentifier>
    </Filter>
    <Filter Include="Process">
      <UniqueIdentifier>{a81909a7-a3dc-4fc5-8d62-4e6261701d21}</UniqueIdentifier>
    </Filter>
    <Filter Include="Socket">
      <UniqueIdentifier>{199d25dc-ffd8-413f-99c4-721384bc54b0}</UniqueIdentifier>
    </Filter>
    <Filter Include="KvSvr">
      <UniqueIdentifier>{b30984d2-c258-4676-b85b-e6f7bd8cd62c}</UniqueIdentifier>
    </Filter>
  </ItemGroup>
</Project>